
Microsoft Visual Studio Solution File, Format Version 12.00
# Visual Studio Version 17
VisualStudioVersion = 17.12.35728.132
MinimumVisualStudioVersion = 10.0.40219.1
Project("{FAE04EC0-301F-11D3-BF4B-00C04F79EFBC}") = "ReqnrollTemplateProject1", "ReqnrollTemplateProject1\ReqnrollTemplateProject1.csproj", "{7240F06C-73A7-49D1-8AF3-565AF7D46363}"
EndProject
Project("{FAE04EC0-301F-11D3-BF4B-00C04F79EFBC}") = "NunitTestProject1", "NunitTestProject1\NunitTestProject1.csproj", "{F0B19943-07AE-4A3B-87C8-83012A083B23}"
EndProject
Project("{FAE04EC0-301F-11D3-BF4B-00C04F79EFBC}") = "ExceptionAfterFeature", "ExceptionAfterFeatue\ExceptionAfterFeature.csproj", "{4734495C-03A0-4ED8-AB45-A8A7521ED870}"
EndProject
Global
	GlobalSection(SolutionConfigurationPlatforms) = preSolution
		Debug|Any CPU = Debug|Any CPU
		Release|Any CPU = Release|Any CPU
	EndGlobalSection
	GlobalSection(ProjectConfigurationPlatforms) = postSolution
		{7240F06C-73A7-49D1-8AF3-565AF7D46363}.Debug|Any CPU.ActiveCfg = Debug|Any CPU
		{7240F06C-73A7-49D1-8AF3-565AF7D46363}.Debug|Any CPU.Build.0 = Debug|Any CPU
		{7240F06C-73A7-49D1-8AF3-565AF7D46363}.Release|Any CPU.ActiveCfg = Release|Any CPU
		{7240F06C-73A7-49D1-8AF3-565AF7D46363}.Release|Any CPU.Build.0 = Release|Any CPU
		{F0B19943-07AE-4A3B-87C8-83012A083B23}.Debug|Any CPU.ActiveCfg = Debug|Any CPU
		{F0B19943-07AE-4A3B-87C8-83012A083B23}.Debug|Any CPU.Build.0 = Debug|Any CPU
		{F0B19943-07AE-4A3B-87C8-83012A083B23}.Release|Any CPU.ActiveCfg = Release|Any CPU
		{F0B19943-07AE-4A3B-87C8-83012A083B23}.Release|Any CPU.Build.0 = Release|Any CPU
		{4734495C-03A0-4ED8-AB45-A8A7521ED870}.Debug|Any CPU.ActiveCfg = Debug|Any CPU
		{4734495C-03A0-4ED8-AB45-A8A7521ED870}.Debug|Any CPU.Build.0 = Debug|Any CPU
		{4734495C-03A0-4ED8-AB45-A8A7521ED870}.Release|Any CPU.ActiveCfg = Release|Any CPU
		{4734495C-03A0-4ED8-AB45-A8A7521ED870}.Release|Any CPU.Build.0 = Release|Any CPU
	EndGlobalSection
	GlobalSection(SolutionProperties) = preSolution
		HideSolutionNode = FALSE
	EndGlobalSection
EndGlobal
